Microsoft Visual Studio Solution File, Format Version 12.00
# Visual Studio Version 17
VisualStudioVersion = 17.13.35828.75
MinimumVisualStudioVersion = 10.0.40219.1
Project("{FAE04EC0-301F-11D3-BF4B-00C04F79EFBC}") = "AppHost", "AppHost\AppHost.csproj", "{7BD77AF2-0C85-4C8E-999A-C3C8B753997B}"
EndProject
Project("{FAE04EC0-301F-11D3-BF4B-00C04F79EFBC}") = "ServiceDefaults", "ServiceDefaults\ServiceDefaults.csproj", "{20ED04BF-80ED-16CE-7BE7-1E7C258DB65F}"
EndProject
Project("{FAE04EC0-301F-11D3-BF4B-00C04F79EFBC}") = "AuthenticationService", "AuthenticationService\AuthenticationService.csproj", "{B22D69E9-1031-C649-BF36-B106B251631B}"
EndProject
Project("{FAE04EC0-301F-11D3-BF4B-00C04F79EFBC}") = "NotificationService", "NotificationService\NotificationService.csproj", "{29DDB621-43B4-22DA-0007-D356D7DB794A}"
EndProject
Project("{FAE04EC0-301F-11D3-BF4B-00C04F79EFBC}") = "Common", "Common\Common.csproj", "{A19FB574-C5D5-4A85-9A2C-99447BDA7D0E}"
EndProject
Project("{FAE04EC0-301F-11D3-BF4B-00C04F79EFBC}") = "ApiGateway", "ApiGateway\ApiGateway.csproj", "{A013E236-B79D-237E-C708-2ACE47C0255E}"
EndProject
Project("{FAE04EC0-301F-11D3-BF4B-00C04F79EFBC}") = "CinemasService", "CinemasService\CinemasService.csproj", "{392806A3-7E9E-85C8-8919-80598BBFEA07}"
	ProjectSection(ProjectDependencies) = postProject
		{A19FB574-C5D5-4A85-9A2C-99447BDA7D0E} = {A19FB574-C5D5-4A85-9A2C-99447BDA7D0E}
	EndProjectSection
EndProject
Project("{FAE04EC0-301F-11D3-BF4B-00C04F79EFBC}") = "MoviesService", "MoviesService\MoviesService.csproj", "{1C730E40-2AB1-7F57-2E69-419F56D24D71}"
EndProject
Project("{FAE04EC0-301F-11D3-BF4B-00C04F79EFBC}") = "CinemaService.Tests", "Tests\CinemaService.Tests\CinemaService.Tests.csproj", "{47A0EB33-8601-4E95-BF19-E315C3BCAE47}"
EndProject
Project("{2150E333-8FDC-42A3-9474-1A3956D46DE8}") = "Tests", "Tests", "{02EA681E-C7D8-13C7-8484-4AC65E1B71E8}"
EndProject
Project("{FAE04EC0-301F-11D3-BF4B-00C04F79EFBC}") = "MovieService.Tests", "Tests\MovieService.Tests\MovieService.Tests.csproj", "{70FBB746-1DE9-4FD1-AEBC-529625CA6350}"
EndProject
Project("{FAE04EC0-301F-11D3-BF4B-00C04F79EFBC}") = "TestCommon", "Tests\TestCommon\TestCommon.csproj", "{9CDF5D76-BEDE-4267-841D-708432B58F05}"
EndProject
Global
	GlobalSection(SolutionConfigurationPlatforms) = preSolution
		Debug|Any CPU = Debug|Any CPU
		Release|Any CPU = Release|Any CPU
	EndGlobalSection
	GlobalSection(ProjectConfigurationPlatforms) = postSolution
		{7BD77AF2-0C85-4C8E-999A-C3C8B753997B}.Debug|Any CPU.ActiveCfg = Debug|Any CPU
		{7BD77AF2-0C85-4C8E-999A-C3C8B753997B}.Debug|Any CPU.Build.0 = Debug|Any CPU
		{7BD77AF2-0C85-4C8E-999A-C3C8B753997B}.Release|Any CPU.ActiveCfg = Release|Any CPU
		{7BD77AF2-0C85-4C8E-999A-C3C8B753997B}.Release|Any CPU.Build.0 = Release|Any CPU
		{20ED04BF-80ED-16CE-7BE7-1E7C258DB65F}.Debug|Any CPU.ActiveCfg = Debug|Any CPU
		{20ED04BF-80ED-16CE-7BE7-1E7C258DB65F}.Debug|Any CPU.Build.0 = Debug|Any CPU
		{20ED04BF-80ED-16CE-7BE7-1E7C258DB65F}.Release|Any CPU.ActiveCfg = Release|Any CPU
		{20ED04BF-80ED-16CE-7BE7-1E7C258DB65F}.Release|Any CPU.Build.0 = Release|Any CPU
		{B22D69E9-1031-C649-BF36-B106B251631B}.Debug|Any CPU.ActiveCfg = Debug|Any CPU
		{B22D69E9-1031-C649-BF36-B106B251631B}.Debug|Any CPU.Build.0 = Debug|Any CPU
		{B22D69E9-1031-C649-BF36-B106B251631B}.Release|Any CPU.ActiveCfg = Release|Any CPU
		{B22D69E9-1031-C649-BF36-B106B251631B}.Release|Any CPU.Build.0 = Release|Any CPU
		{29DDB621-43B4-22DA-0007-D356D7DB794A}.Debug|Any CPU.ActiveCfg = Debug|Any CPU
		{29DDB621-43B4-22DA-0007-D356D7DB794A}.Debug|Any CPU.Build.0 = Debug|Any CPU
		{29DDB621-43B4-22DA-0007-D356D7DB794A}.Release|Any CPU.ActiveCfg = Release|Any CPU
		{29DDB621-43B4-22DA-0007-D356D7DB794A}.Release|Any CPU.Build.0 = Release|Any CPU
		{A19FB574-C5D5-4A85-9A2C-99447BDA7D0E}.Debug|Any CPU.ActiveCfg = Debug|Any CPU
		{A19FB574-C5D5-4A85-9A2C-99447BDA7D0E}.Debug|Any CPU.Build.0 = Debug|Any CPU
		{A19FB574-C5D5-4A85-9A2C-99447BDA7D0E}.Release|Any CPU.ActiveCfg = Release|Any CPU
		{A19FB574-C5D5-4A85-9A2C-99447BDA7D0E}.Release|Any CPU.Build.0 = Release|Any CPU
		{A013E236-B79D-237E-C708-2ACE47C0255E}.Debug|Any CPU.ActiveCfg = Debug|Any CPU
		{A013E236-B79D-237E-C708-2ACE47C0255E}.Debug|Any CPU.Build.0 = Debug|Any CPU
		{A013E236-B79D-237E-C708-2ACE47C0255E}.Release|Any CPU.ActiveCfg = Release|Any CPU
		{A013E236-B79D-237E-C708-2ACE47C0255E}.Release|Any CPU.Build.0 = Release|Any CPU
		{392806A3-7E9E-85C8-8919-80598BBFEA07}.Debug|Any CPU.ActiveCfg = Debug|Any CPU
		{392806A3-7E9E-85C8-8919-80598BBFEA07}.Debug|Any CPU.Build.0 = Debug|Any CPU
		{392806A3-7E9E-85C8-8919-80598BBFEA07}.Release|Any CPU.ActiveCfg = Release|Any CPU
		{392806A3-7E9E-85C8-8919-80598BBFEA07}.Release|Any CPU.Build.0 = Release|Any CPU
		{1C730E40-2AB1-7F57-2E69-419F56D24D71}.Debug|Any CPU.ActiveCfg = Debug|Any CPU
		{1C730E40-2AB1-7F57-2E69-419F56D24D71}.Debug|Any CPU.Build.0 = Debug|Any CPU
		{1C730E40-2AB1-7F57-2E69-419F56D24D71}.Release|Any CPU.ActiveCfg = Release|Any CPU
		{1C730E40-2AB1-7F57-2E69-419F56D24D71}.Release|Any CPU.Build.0 = Release|Any CPU
		{47A0EB33-8601-4E95-BF19-E315C3BCAE47}.Debug|Any CPU.ActiveCfg = Debug|Any CPU
		{47A0EB33-8601-4E95-BF19-E315C3BCAE47}.Debug|Any CPU.Build.0 = Debug|Any CPU
		{47A0EB33-8601-4E95-BF19-E315C3BCAE47}.Release|Any CPU.ActiveCfg = Release|Any CPU
		{47A0EB33-8601-4E95-BF19-E315C3BCAE47}.Release|Any CPU.Build.0 = Release|Any CPU
		{70FBB746-1DE9-4FD1-AEBC-529625CA6350}.Debug|Any CPU.ActiveCfg = Debug|Any CPU
		{70FBB746-1DE9-4FD1-AEBC-529625CA6350}.Debug|Any CPU.Build.0 = Debug|Any CPU
		{70FBB746-1DE9-4FD1-AEBC-529625CA6350}.Release|Any CPU.ActiveCfg = Release|Any CPU
		{70FBB746-1DE9-4FD1-AEBC-529625CA6350}.Release|Any CPU.Build.0 = Release|Any CPU
		{9CDF5D76-BEDE-4267-841D-708432B58F05}.Debug|Any CPU.ActiveCfg = Debug|Any CPU
		{9CDF5D76-BEDE-4267-841D-708432B58F05}.Debug|Any CPU.Build.0 = Debug|Any CPU
		{9CDF5D76-BEDE-4267-841D-708432B58F05}.Release|Any CPU.ActiveCfg = Release|Any CPU
		{9CDF5D76-BEDE-4267-841D-708432B58F05}.Release|Any CPU.Build.0 = Release|Any CPU
	EndGlobalSection
	GlobalSection(SolutionProperties) = preSolution
		HideSolutionNode = FALSE
	EndGlobalSection
	GlobalSection(NestedProjects) = preSolution
		{47A0EB33-8601-4E95-BF19-E315C3BCAE47} = {02EA681E-C7D8-13C7-8484-4AC65E1B71E8}
		{70FBB746-1DE9-4FD1-AEBC-529625CA6350} = {02EA681E-C7D8-13C7-8484-4AC65E1B71E8}
		{9CDF5D76-BEDE-4267-841D-708432B58F05} = {02EA681E-C7D8-13C7-8484-4AC65E1B71E8}
	EndGlobalSection
	GlobalSection(ExtensibilityGlobals) = postSolution
		SolutionGuid = {D7D797A6-5733-4DC5-B5F6-FB020587B81F}
	EndGlobalSection
EndGlobal
